
Microsoft Visual Studio Solution File, Format Version 12.00
# Visual Studio Version 17
VisualStudioVersion = 17.14.36518.9 d17.14
MinimumVisualStudioVersion = 10.0.40219.1
Project("{FAE04EC0-301F-11D3-BF4B-00C04F79EFBC}") = "CalendarApi", "CalendarApi\CalendarApi.csproj", "{BA89E7A7-569F-447E-A7BF-C67BB2580C95}"
EndProject
Global
	GlobalSection(SolutionConfigurationPlatforms) = preSolution
		Debug|Any CPU = Debug|Any CPU
		Release|Any CPU = Release|Any CPU
	EndGlobalSection
	GlobalSection(ProjectConfigurationPlatforms) = postSolution
		{BA89E7A7-569F-447E-A7BF-C67BB2580C95}.Debug|Any CPU.ActiveCfg = Debug|Any CPU
		{BA89E7A7-569F-447E-A7BF-C67BB2580C95}.Debug|Any CPU.Build.0 = Debug|Any CPU
		{BA89E7A7-569F-447E-A7BF-C67BB2580C95}.Release|Any CPU.ActiveCfg = Release|Any CPU
		{BA89E7A7-569F-447E-A7BF-C67BB2580C95}.Release|Any CPU.Build.0 = Release|Any CPU
	EndGlobalSection
	GlobalSection(SolutionProperties) = preSolution
		HideSolutionNode = FALSE
	EndGlobalSection
	GlobalSection(ExtensibilityGlobals) = postSolution
		SolutionGuid = {00A79BC4-1646-4EC9-B28F-8930BC93829F}
	EndGlobalSection
EndGlobal
